
Microsoft Visual Studio Solution File, Format Version 12.00
# Visual Studio Version 16
VisualStudioVersion = 16.0.29920.165
MinimumVisualStudioVersion = 10.0.40219.1
Project("{9A19103F-16F7-4668-BE54-9A1E7A4F7556}") = "Entidades", "Entidades\Entidades.csproj", "{6AC391AB-0C46-4FF1-9D65-C4624FFF39F2}"
EndProject
Project("{FAE04EC0-301F-11D3-BF4B-00C04F79EFBC}") = "FormCalculadora", "FormCalculadora\FormCalculadora.csproj", "{F54907E9-F4B6-4903-8FCB-5598A8ECBC70}"
EndProject
Global
	GlobalSection(SolutionConfigurationPlatforms) = preSolution
		Debug|Any CPU = Debug|Any CPU
		Release|Any CPU = Release|Any CPU
	EndGlobalSection
	GlobalSection(ProjectConfigurationPlatforms) = postSolution
		{6AC391AB-0C46-4FF1-9D65-C4624FFF39F2}.Debug|Any CPU.ActiveCfg = Debug|Any CPU
		{6AC391AB-0C46-4FF1-9D65-C4624FFF39F2}.Debug|Any CPU.Build.0 = Debug|Any CPU
		{6AC391AB-0C46-4FF1-9D65-C4624FFF39F2}.Release|Any CPU.ActiveCfg = Release|Any CPU
		{6AC391AB-0C46-4FF1-9D65-C4624FFF39F2}.Release|Any CPU.Build.0 = Release|Any CPU
		{F54907E9-F4B6-4903-8FCB-5598A8ECBC70}.Debug|Any CPU.ActiveCfg = Debug|Any CPU
		{F54907E9-F4B6-4903-8FCB-5598A8ECBC70}.Debug|Any CPU.Build.0 = Debug|Any CPU
		{F54907E9-F4B6-4903-8FCB-5598A8ECBC70}.Release|Any CPU.ActiveCfg = Release|Any CPU
		{F54907E9-F4B6-4903-8FCB-5598A8ECBC70}.Release|Any CPU.Build.0 = Release|Any CPU
	EndGlobalSection
	GlobalSection(SolutionProperties) = preSolution
		HideSolutionNode = FALSE
	EndGlobalSection
	GlobalSection(ExtensibilityGlobals) = postSolution
		SolutionGuid = {EFD712C9-4C27-41D4-A5C4-AC1F830A4FD8}
	EndGlobalSection
EndGlobal
