
Microsoft Visual Studio Solution File, Format Version 12.00
# Visual Studio 15
VisualStudioVersion = 15.0.28010.2019
MinimumVisualStudioVersion = 10.0.40219.1
Project("{FAE04EC0-301F-11D3-BF4B-00C04F79EFBC}") = "Entidades", "Entidades\Entidades.csproj", "{A54DA8E1-7005-48B8-8412-2963601C4559}"
EndProject
Project("{FAE04EC0-301F-11D3-BF4B-00C04F79EFBC}") = "MiCalculadora", "MiCalculadora\MiCalculadora.csproj", "{4577609D-3B75-4901-AC6E-41DA7D0E11B3}"
EndProject
Global
	GlobalSection(SolutionConfigurationPlatforms) = preSolution
		Debug|Any CPU = Debug|Any CPU
		Release|Any CPU = Release|Any CPU
	EndGlobalSection
	GlobalSection(ProjectConfigurationPlatforms) = postSolution
		{A54DA8E1-7005-48B8-8412-2963601C4559}.Debug|Any CPU.ActiveCfg = Debug|Any CPU
		{A54DA8E1-7005-48B8-8412-2963601C4559}.Debug|Any CPU.Build.0 = Debug|Any CPU
		{A54DA8E1-7005-48B8-8412-2963601C4559}.Release|Any CPU.ActiveCfg = Release|Any CPU
		{A54DA8E1-7005-48B8-8412-2963601C4559}.Release|Any CPU.Build.0 = Release|Any CPU
		{4577609D-3B75-4901-AC6E-41DA7D0E11B3}.Debug|Any CPU.ActiveCfg = Debug|Any CPU
		{4577609D-3B75-4901-AC6E-41DA7D0E11B3}.Debug|Any CPU.Build.0 = Debug|Any CPU
		{4577609D-3B75-4901-AC6E-41DA7D0E11B3}.Release|Any CPU.ActiveCfg = Release|Any CPU
		{4577609D-3B75-4901-AC6E-41DA7D0E11B3}.Release|Any CPU.Build.0 = Release|Any CPU
	EndGlobalSection
	GlobalSection(SolutionProperties) = preSolution
		HideSolutionNode = FALSE
	EndGlobalSection
	GlobalSection(ExtensibilityGlobals) = postSolution
		SolutionGuid = {14C2041C-184C-48F1-A580-D78B07E2A961}
	EndGlobalSection
EndGlobal
